
Microsoft Visual Studio Solution File, Format Version 12.00
# Visual Studio Version 16
VisualStudioVersion = 16.0.31205.134
MinimumVisualStudioVersion = 10.0.40219.1
Project("{2150E333-8FDC-42A3-9474-1A3956D46DE8}") = "Building Blocks", "Building Blocks", "{CC4B42EF-6768-4067-B1BC-565C6B491FF4}"
EndProject
Project("{2150E333-8FDC-42A3-9474-1A3956D46DE8}") = "Web", "Web", "{52DD4986-76DB-422C-9341-E284A1675F18}"
EndProject
Project("{2150E333-8FDC-42A3-9474-1A3956D46DE8}") = "Services", "Services", "{1847BEED-0BA8-4529-B68D-5FA3EB67D2F3}"
EndProject
Project("{2150E333-8FDC-42A3-9474-1A3956D46DE8}") = "src", "src", "{6A5B9276-7FF6-459C-B48E-E707A10B1482}"
EndProject
Project("{2150E333-8FDC-42A3-9474-1A3956D46DE8}") = "Identity", "Identity", "{C8313083-910C-4CBE-AA6C-3AA3F57E5422}"
EndProject
Project("{9A19103F-16F7-4668-BE54-9A1E7A4F7556}") = "MECS.Identity.API", "src\services\MECS.Identity.API\MECS.Identity.API.csproj", "{7CC64A63-4B4E-44AD-8B55-C84FB94903C5}"
EndProject
Project("{2150E333-8FDC-42A3-9474-1A3956D46DE8}") = "MVC", "MVC", "{86A7593B-6ECC-43F8-91FA-B2B6B1F34E80}"
EndProject
Project("{9A19103F-16F7-4668-BE54-9A1E7A4F7556}") = "MECS.WebApp.MVC", "src\web\MECS.WebApp.MVC\MECS.WebApp.MVC.csproj", "{1327C3CE-F69E-4632-BDFD-F783DFE94246}"
EndProject
Project("{2150E333-8FDC-42A3-9474-1A3956D46DE8}") = "Core", "Core", "{55A98E3C-9E56-4BD6-9274-A9BE9B2602AC}"
EndProject
Project("{9A19103F-16F7-4668-BE54-9A1E7A4F7556}") = "MECS.Core", "src\building blocks\MECS.Core\MECS.Core.csproj", "{CE7CD336-7DBE-4927-BE51-35C929D4ED49}"
EndProject
Project("{2150E333-8FDC-42A3-9474-1A3956D46DE8}") = "Catalog", "Catalog", "{62130518-FD79-49ED-8A1F-99251BC7828D}"
EndProject
Project("{2150E333-8FDC-42A3-9474-1A3956D46DE8}") = "Client", "Client", "{9130C1D6-CB74-4B68-98F6-335000C29B36}"
EndProject
Project("{2150E333-8FDC-42A3-9474-1A3956D46DE8}") = "Payment", "Payment", "{889B896B-19A9-48A6-8937-943CAEFFCE9F}"
EndProject
Project("{2150E333-8FDC-42A3-9474-1A3956D46DE8}") = "Order", "Order", "{35F58A7D-CBAA-4B17-A66E-1AEA2B08A0C9}"
EndProject
Project("{2150E333-8FDC-42A3-9474-1A3956D46DE8}") = "Cart", "Cart", "{E99007FE-7B41-4B63-82EB-7CEB165A8798}"
EndProject
Project("{9A19103F-16F7-4668-BE54-9A1E7A4F7556}") = "MECS.Cart.API", "src\services\MECS.Cart.API\MECS.Cart.API.csproj", "{3BC637C2-2211-4974-8368-33A74C11E982}"
EndProject
Project("{9A19103F-16F7-4668-BE54-9A1E7A4F7556}") = "MECS.Catalog.API", "src\services\MECS.Catalog.API\MECS.Catalog.API.csproj", "{A813C8AD-DDE8-4613-BE81-D51E7043BBBE}"
EndProject
Project("{9A19103F-16F7-4668-BE54-9A1E7A4F7556}") = "MECS.Client.API", "src\services\MECS.Client.API\MECS.Client.API.csproj", "{51F7EDD5-E411-45D9-A66A-F544B6139C88}"
EndProject
Project("{9A19103F-16F7-4668-BE54-9A1E7A4F7556}") = "MECS.Order.API", "src\services\MECS.Order.API\MECS.Order.API.csproj", "{932BCFC1-559F-4FDC-9431-20B1906755B8}"
EndProject
Project("{9A19103F-16F7-4668-BE54-9A1E7A4F7556}") = "MECS.Payment.API", "src\services\MECS.Payment.API\MECS.Payment.API.csproj", "{48EF30EA-6A42-49D9-8CBE-ED53150D8E9A}"
EndProject
Project("{2150E333-8FDC-42A3-9474-1A3956D46DE8}") = "tests", "tests", "{BA75BB66-F6E8-4C0C-87E1-0B90B54C0F0E}"
EndProject
Project("{FAE04EC0-301F-11D3-BF4B-00C04F79EFBC}") = "MECS.Tests", "tests\MECS.Tests\MECS.Tests.csproj", "{ADA1827B-518A-4F2E-953F-F2E597EAD86F}"
EndProject
Global
	GlobalSection(SolutionConfigurationPlatforms) = preSolution
		Debug|Any CPU = Debug|Any CPU
		Release|Any CPU = Release|Any CPU
	EndGlobalSection
	GlobalSection(ProjectConfigurationPlatforms) = postSolution
		{7CC64A63-4B4E-44AD-8B55-C84FB94903C5}.Debug|Any CPU.ActiveCfg = Debug|Any CPU
		{7CC64A63-4B4E-44AD-8B55-C84FB94903C5}.Debug|Any CPU.Build.0 = Debug|Any CPU
		{7CC64A63-4B4E-44AD-8B55-C84FB94903C5}.Release|Any CPU.ActiveCfg = Release|Any CPU
		{7CC64A63-4B4E-44AD-8B55-C84FB94903C5}.Release|Any CPU.Build.0 = Release|Any CPU
		{1327C3CE-F69E-4632-BDFD-F783DFE94246}.Debug|Any CPU.ActiveCfg = Debug|Any CPU
		{1327C3CE-F69E-4632-BDFD-F783DFE94246}.Debug|Any CPU.Build.0 = Debug|Any CPU
		{1327C3CE-F69E-4632-BDFD-F783DFE94246}.Release|Any CPU.ActiveCfg = Release|Any CPU
		{1327C3CE-F69E-4632-BDFD-F783DFE94246}.Release|Any CPU.Build.0 = Release|Any CPU
		{CE7CD336-7DBE-4927-BE51-35C929D4ED49}.Debug|Any CPU.ActiveCfg = Debug|Any CPU
		{CE7CD336-7DBE-4927-BE51-35C929D4ED49}.Debug|Any CPU.Build.0 = Debug|Any CPU
		{CE7CD336-7DBE-4927-BE51-35C929D4ED49}.Release|Any CPU.ActiveCfg = Release|Any CPU
		{CE7CD336-7DBE-4927-BE51-35C929D4ED49}.Release|Any CPU.Build.0 = Release|Any CPU
		{3BC637C2-2211-4974-8368-33A74C11E982}.Debug|Any CPU.ActiveCfg = Debug|Any CPU
		{3BC637C2-2211-4974-8368-33A74C11E982}.Debug|Any CPU.Build.0 = Debug|Any CPU
		{3BC637C2-2211-4974-8368-33A74C11E982}.Release|Any CPU.ActiveCfg = Release|Any CPU
		{3BC637C2-2211-4974-8368-33A74C11E982}.Release|Any CPU.Build.0 = Release|Any CPU
		{A813C8AD-DDE8-4613-BE81-D51E7043BBBE}.Debug|Any CPU.ActiveCfg = Debug|Any CPU
		{A813C8AD-DDE8-4613-BE81-D51E7043BBBE}.Debug|Any CPU.Build.0 = Debug|Any CPU
		{A813C8AD-DDE8-4613-BE81-D51E7043BBBE}.Release|Any CPU.ActiveCfg = Release|Any CPU
		{A813C8AD-DDE8-4613-BE81-D51E7043BBBE}.Release|Any CPU.Build.0 = Release|Any CPU
		{51F7EDD5-E411-45D9-A66A-F544B6139C88}.Debug|Any CPU.ActiveCfg = Debug|Any CPU
		{51F7EDD5-E411-45D9-A66A-F544B6139C88}.Debug|Any CPU.Build.0 = Debug|Any CPU
		{51F7EDD5-E411-45D9-A66A-F544B6139C88}.Release|Any CPU.ActiveCfg = Release|Any CPU
		{51F7EDD5-E411-45D9-A66A-F544B6139C88}.Release|Any CPU.Build.0 = Release|Any CPU
		{932BCFC1-559F-4FDC-9431-20B1906755B8}.Debug|Any CPU.ActiveCfg = Debug|Any CPU
		{932BCFC1-559F-4FDC-9431-20B1906755B8}.Debug|Any CPU.Build.0 = Debug|Any CPU
		{932BCFC1-559F-4FDC-9431-20B1906755B8}.Release|Any CPU.ActiveCfg = Release|Any CPU
		{932BCFC1-559F-4FDC-9431-20B1906755B8}.Release|Any CPU.Build.0 = Release|Any CPU
		{48EF30EA-6A42-49D9-8CBE-ED53150D8E9A}.Debug|Any CPU.ActiveCfg = Debug|Any CPU
		{48EF30EA-6A42-49D9-8CBE-ED53150D8E9A}.Debug|Any CPU.Build.0 = Debug|Any CPU
		{48EF30EA-6A42-49D9-8CBE-ED53150D8E9A}.Release|Any CPU.ActiveCfg = Release|Any CPU
		{48EF30EA-6A42-49D9-8CBE-ED53150D8E9A}.Release|Any CPU.Build.0 = Release|Any CPU
		{ADA1827B-518A-4F2E-953F-F2E597EAD86F}.Debug|Any CPU.ActiveCfg = Debug|Any CPU
		{ADA1827B-518A-4F2E-953F-F2E597EAD86F}.Debug|Any CPU.Build.0 = Debug|Any CPU
		{ADA1827B-518A-4F2E-953F-F2E597EAD86F}.Release|Any CPU.ActiveCfg = Release|Any CPU
		{ADA1827B-518A-4F2E-953F-F2E597EAD86F}.Release|Any CPU.Build.0 = Release|Any CPU
	EndGlobalSection
	GlobalSection(SolutionProperties) = preSolution
		HideSolutionNode = FALSE
	EndGlobalSection
	GlobalSection(NestedProjects) = preSolution
		{CC4B42EF-6768-4067-B1BC-565C6B491FF4} = {6A5B9276-7FF6-459C-B48E-E707A10B1482}
		{52DD4986-76DB-422C-9341-E284A1675F18} = {6A5B9276-7FF6-459C-B48E-E707A10B1482}
		{1847BEED-0BA8-4529-B68D-5FA3EB67D2F3} = {6A5B9276-7FF6-459C-B48E-E707A10B1482}
		{C8313083-910C-4CBE-AA6C-3AA3F57E5422} = {1847BEED-0BA8-4529-B68D-5FA3EB67D2F3}
		{7CC64A63-4B4E-44AD-8B55-C84FB94903C5} = {C8313083-910C-4CBE-AA6C-3AA3F57E5422}
		{86A7593B-6ECC-43F8-91FA-B2B6B1F34E80} = {52DD4986-76DB-422C-9341-E284A1675F18}
		{1327C3CE-F69E-4632-BDFD-F783DFE94246} = {86A7593B-6ECC-43F8-91FA-B2B6B1F34E80}
		{55A98E3C-9E56-4BD6-9274-A9BE9B2602AC} = {CC4B42EF-6768-4067-B1BC-565C6B491FF4}
		{CE7CD336-7DBE-4927-BE51-35C929D4ED49} = {55A98E3C-9E56-4BD6-9274-A9BE9B2602AC}
		{62130518-FD79-49ED-8A1F-99251BC7828D} = {1847BEED-0BA8-4529-B68D-5FA3EB67D2F3}
		{9130C1D6-CB74-4B68-98F6-335000C29B36} = {1847BEED-0BA8-4529-B68D-5FA3EB67D2F3}
		{889B896B-19A9-48A6-8937-943CAEFFCE9F} = {1847BEED-0BA8-4529-B68D-5FA3EB67D2F3}
		{35F58A7D-CBAA-4B17-A66E-1AEA2B08A0C9} = {1847BEED-0BA8-4529-B68D-5FA3EB67D2F3}
		{E99007FE-7B41-4B63-82EB-7CEB165A8798} = {1847BEED-0BA8-4529-B68D-5FA3EB67D2F3}
		{3BC637C2-2211-4974-8368-33A74C11E982} = {E99007FE-7B41-4B63-82EB-7CEB165A8798}
		{A813C8AD-DDE8-4613-BE81-D51E7043BBBE} = {62130518-FD79-49ED-8A1F-99251BC7828D}
		{51F7EDD5-E411-45D9-A66A-F544B6139C88} = {9130C1D6-CB74-4B68-98F6-335000C29B36}
		{932BCFC1-559F-4FDC-9431-20B1906755B8} = {35F58A7D-CBAA-4B17-A66E-1AEA2B08A0C9}
		{48EF30EA-6A42-49D9-8CBE-ED53150D8E9A} = {889B896B-19A9-48A6-8937-943CAEFFCE9F}
		{ADA1827B-518A-4F2E-953F-F2E597EAD86F} = {BA75BB66-F6E8-4C0C-87E1-0B90B54C0F0E}
	EndGlobalSection
	GlobalSection(ExtensibilityGlobals) = postSolution
		SolutionGuid = {C39CBA40-7B7B-4EE8-AEA4-075D9D395DBD}
	EndGlobalSection
EndGlobal
